
Microsoft Visual Studio Solution File, Format Version 12.00
# Visual Studio Version 17
VisualStudioVersion = 17.7.34031.279
MinimumVisualStudioVersion = 10.0.40219.1
Project("{FAE04EC0-301F-11D3-BF4B-00C04F79EFBC}") = "VotingSite", "VotingSite\VotingSite.csproj", "{A7E937DF-F169-4C9C-9FD3-CD86D8E9F275}"
EndProject
Global
	GlobalSection(SolutionConfigurationPlatforms) = preSolution
		Debug|Any CPU = Debug|Any CPU
		Release|Any CPU = Release|Any CPU
	EndGlobalSection
	GlobalSection(ProjectConfigurationPlatforms) = postSolution
		{A7E937DF-F169-4C9C-9FD3-CD86D8E9F275}.Debug|Any CPU.ActiveCfg = Debug|Any CPU
		{A7E937DF-F169-4C9C-9FD3-CD86D8E9F275}.Debug|Any CPU.Build.0 = Debug|Any CPU
		{A7E937DF-F169-4C9C-9FD3-CD86D8E9F275}.Release|Any CPU.ActiveCfg = Release|Any CPU
		{A7E937DF-F169-4C9C-9FD3-CD86D8E9F275}.Release|Any CPU.Build.0 = Release|Any CPU
	EndGlobalSection
	GlobalSection(SolutionProperties) = preSolution
		HideSolutionNode = FALSE
	EndGlobalSection
	GlobalSection(ExtensibilityGlobals) = postSolution
		SolutionGuid = {FAF23A9E-AC9E-4758-BBB4-4869240B5807}
	EndGlobalSection
EndGlobal
